
Microsoft Visual Studio Solution File, Format Version 12.00
# Visual Studio 15
VisualStudioVersion = 15.0.26430.16
MinimumVisualStudioVersion = 10.0.40219.1
Project("{FAE04EC0-301F-11D3-BF4B-00C04F79EFBC}") = "StudentApi", "StudentApi\StudentApi.csproj", "{483DD286-D6D2-48A5-ABF4-E838C35F7EF7}"
EndProject
Project("{FAE04EC0-301F-11D3-BF4B-00C04F79EFBC}") = "StudentWeb", "StudentWeb\StudentWeb.csproj", "{1BD5587C-FD1E-4BAA-9F5C-D6CD482E80FA}"
EndProject
Global
	GlobalSection(SolutionConfigurationPlatforms) = preSolution
		Debug|Any CPU = Debug|Any CPU
		Release|Any CPU = Release|Any CPU
	EndGlobalSection
	GlobalSection(ProjectConfigurationPlatforms) = postSolution
		{483DD286-D6D2-48A5-ABF4-E838C35F7EF7}.Debug|Any CPU.ActiveCfg = Debug|Any CPU
		{483DD286-D6D2-48A5-ABF4-E838C35F7EF7}.Debug|Any CPU.Build.0 = Debug|Any CPU
		{483DD286-D6D2-48A5-ABF4-E838C35F7EF7}.Release|Any CPU.ActiveCfg = Release|Any CPU
		{483DD286-D6D2-48A5-ABF4-E838C35F7EF7}.Release|Any CPU.Build.0 = Release|Any CPU
		{1BD5587C-FD1E-4BAA-9F5C-D6CD482E80FA}.Debug|Any CPU.ActiveCfg = Debug|Any CPU
		{1BD5587C-FD1E-4BAA-9F5C-D6CD482E80FA}.Debug|Any CPU.Build.0 = Debug|Any CPU
		{1BD5587C-FD1E-4BAA-9F5C-D6CD482E80FA}.Release|Any CPU.ActiveCfg = Release|Any CPU
		{1BD5587C-FD1E-4BAA-9F5C-D6CD482E80FA}.Release|Any CPU.Build.0 = Release|Any CPU
	EndGlobalSection
	GlobalSection(SolutionProperties) = preSolution
		HideSolutionNode = FALSE
	EndGlobalSection
EndGlobal
